
Microsoft Visual Studio Solution File, Format Version 12.00
# Visual Studio Version 17
VisualStudioVersion = 17.6.33829.357
MinimumVisualStudioVersion = 10.0.40219.1
Project("{9A19103F-16F7-4668-BE54-9A1E7A4F7556}") = "ECommerce-API", "ECommerce-API.csproj", "{DCD1B7EC-746D-45E0-9701-E6A267838692}"
EndProject
Global
	GlobalSection(SolutionConfigurationPlatforms) = preSolution
		Debug|Any CPU = Debug|Any CPU
		Release|Any CPU = Release|Any CPU
	EndGlobalSection
	GlobalSection(ProjectConfigurationPlatforms) = postSolution
		{DCD1B7EC-746D-45E0-9701-E6A267838692}.Debug|Any CPU.ActiveCfg = Debug|Any CPU
		{DCD1B7EC-746D-45E0-9701-E6A267838692}.Debug|Any CPU.Build.0 = Debug|Any CPU
		{DCD1B7EC-746D-45E0-9701-E6A267838692}.Release|Any CPU.ActiveCfg = Release|Any CPU
		{DCD1B7EC-746D-45E0-9701-E6A267838692}.Release|Any CPU.Build.0 = Release|Any CPU
	EndGlobalSection
	GlobalSection(SolutionProperties) = preSolution
		HideSolutionNode = FALSE
	EndGlobalSection
	GlobalSection(ExtensibilityGlobals) = postSolution
		SolutionGuid = {4B050289-47C6-43BB-B76A-3AC6592A8180}
	EndGlobalSection
EndGlobal
